// !$*UTF8*$!
{
	archiveVersion = 1;
	classes = {
	};
	objectVersion = 50;
	objects = {

/* Begin PBXBuildFile section */
		1B963F3C22A2CA0C0068A5BE /* MessageTableViewCell.swift in Sources */ = {isa = PBXBuildFile; fileRef = 1B963F3B22A2CA0C0068A5BE /* MessageTableViewCell.swift */; };
		1B9C289322A229D300E572F7 /* AppDelegate.swift in Sources */ = {isa = PBXBuildFile; fileRef = 1B9C289222A229D300E572F7 /* AppDelegate.swift */; };
		1B9C289522A229D300E572F7 /* ViewController.swift in Sources */ = {isa = PBXBuildFile; fileRef = 1B9C289422A229D300E572F7 /* ViewController.swift */; };
		1B9C289822A229D300E572F7 /* Main.storyboard in Resources */ = {isa = PBXBuildFile; fileRef = 1B9C289622A229D300E572F7 /* Main.storyboard */; };
		1B9C289A22A229D500E572F7 /* Assets.xcassets in Resources */ = {isa = PBXBuildFile; fileRef = 1B9C289922A229D500E572F7 /* Assets.xcassets */; };
		1B9C289D22A229D500E572F7 /* LaunchScreen.storyboard in Resources */ = {isa = PBXBuildFile; fileRef = 1B9C289B22A229D500E572F7 /* LaunchScreen.storyboard */; };
		1B9C28A822A22AAF00E572F7 /* SMessage.swift in Sources */ = {isa = PBXBuildFile; fileRef = 1B9C28A722A22AAF00E572F7 /* SMessage.swift */; };
		1B9C28AA22A233FD00E572F7 /* SBubbleChatView.swift in Sources */ = {isa = PBXBuildFile; fileRef = 1B9C28A922A233FD00E572F7 /* SBubbleChatView.swift */; };
		5BEE66AF7409F49053260247 /* Pods_SChat.framework in Frameworks */ = {isa = PBXBuildFile; fileRef = 536A9809CF766DB95767E381 /* Pods_SChat.framework */; };
		6153D16022AE2881008D293D /* GoogleService-Info.plist in Resources */ = {isa = PBXBuildFile; fileRef = 6153D15F22AE2881008D293D /* GoogleService-Info.plist */; };
		6153D16222AE2A5A008D293D /* SUser.swift in Sources */ = {isa = PBXBuildFile; fileRef = 6153D16122AE2A5A008D293D /* SUser.swift */; };
		6153D16422AE2CD9008D293D /* Message.swift in Sources */ = {isa = PBXBuildFile; fileRef = 6153D16322AE2CD9008D293D /* Message.swift */; };
		6153D16622AE321B008D293D /* Room.swift in Sources */ = {isa = PBXBuildFile; fileRef = 6153D16522AE321B008D293D /* Room.swift */; };
		6153D16822AE3C5F008D293D /* LoginViewController.swift in Sources */ = {isa = PBXBuildFile; fileRef = 6153D16722AE3C5F008D293D /* LoginViewController.swift */; };
		6153D16B22AE42A9008D293D /* RoomChatViewController.swift in Sources */ = {isa = PBXBuildFile; fileRef = 6153D16A22AE42A9008D293D /* RoomChatViewController.swift */; };
		6153D16E22AE5073008D293D /* AppSettings.swift in Sources */ = {isa = PBXBuildFile; fileRef = 6153D16D22AE5073008D293D /* AppSettings.swift */; };
/* End PBXBuildFile section */

/* Begin PBXFileReference section */
		07378E59FD3D39FA72F30536 /* Pods-SChat.release.xcconfig */ = {isa = PBXFileReference; includeInIndex = 1; lastKnownFileType = text.xcconfig; name = "Pods-SChat.release.xcconfig"; path = "Pods/Target Support Files/Pods-SChat/Pods-SChat.release.xcconfig"; sourceTree = "<group>"; };
		1B963F3B22A2CA0C0068A5BE /* MessageTableViewCell.swift */ = {isa = PBXFileReference; lastKnownFileType = sourcecode.swift; path = MessageTableViewCell.swift; sourceTree = "<group>"; };
		1B9C288F22A229D300E572F7 /* SChat.app */ = {isa = PBXFileReference; explicitFileType = wrapper.application; includeInIndex = 0; path = SChat.app; sourceTree = BUILT_PRODUCTS_DIR; };
		1B9C289222A229D300E572F7 /* AppDelegate.swift */ = {isa = PBXFileReference; lastKnownFileType = sourcecode.swift; path = AppDelegate.swift; sourceTree = "<group>"; };
		1B9C289422A229D300E572F7 /* ViewController.swift */ = {isa = PBXFileReference; lastKnownFileType = sourcecode.swift; path = ViewController.swift; sourceTree = "<group>"; };
		1B9C289722A229D300E572F7 /* Base */ = {isa = PBXFileReference; lastKnownFileType = file.storyboard; name = Base; path = Base.lproj/Main.storyboard; sourceTree = "<group>"; };
		1B9C289922A229D500E572F7 /* Assets.xcassets */ = {isa = PBXFileReference; lastKnownFileType = folder.assetcatalog; path = Assets.xcassets; sourceTree = "<group>"; };
		1B9C289C22A229D500E572F7 /* Base */ = {isa = PBXFileReference; lastKnownFileType = file.storyboard; name = Base; path = Base.lproj/LaunchScreen.storyboard; sourceTree = "<group>"; };
		1B9C289E22A229D500E572F7 /* Info.plist */ = {isa = PBXFileReference; lastKnownFileType = text.plist.xml; path = Info.plist; sourceTree = "<group>"; };
		1B9C28A722A22AAF00E572F7 /* SMessage.swift */ = {isa = PBXFileReference; lastKnownFileType = sourcecode.swift; path = SMessage.swift; sourceTree = "<group>"; };
		1B9C28A922A233FD00E572F7 /* SBubbleChatView.swift */ = {isa = PBXFileReference; lastKnownFileType = sourcecode.swift; path = SBubbleChatView.swift; sourceTree = "<group>"; };
		536A9809CF766DB95767E381 /* Pods_SChat.framework */ = {isa = PBXFileReference; explicitFileType = wrapper.framework; includeInIndex = 0; path = Pods_SChat.framework; sourceTree = BUILT_PRODUCTS_DIR; };
		6153D15F22AE2881008D293D /* GoogleService-Info.plist */ = {isa = PBXFileReference; fileEncoding = 4; lastKnownFileType = text.plist.xml; path = "GoogleService-Info.plist"; sourceTree = "<group>"; };
		6153D16122AE2A5A008D293D /* SUser.swift */ = {isa = PBXFileReference; fileEncoding = 4; lastKnownFileType = sourcecode.swift; path = SUser.swift; sourceTree = "<group>"; };
		6153D16322AE2CD9008D293D /* Message.swift */ = {isa = PBXFileReference; lastKnownFileType = sourcecode.swift; path = Message.swift; sourceTree = "<group>"; };
		6153D16522AE321B008D293D /* Room.swift */ = {isa = PBXFileReference; lastKnownFileType = sourcecode.swift; path = Room.swift; sourceTree = "<group>"; };
		6153D16722AE3C5F008D293D /* LoginViewController.swift */ = {isa = PBXFileReference; lastKnownFileType = sourcecode.swift; path = LoginViewController.swift; sourceTree = "<group>"; };
		6153D16A22AE42A9008D293D /* RoomChatViewController.swift */ = {isa = PBXFileReference; lastKnownFileType = sourcecode.swift; path = RoomChatViewController.swift; sourceTree = "<group>"; };
		6153D16D22AE5073008D293D /* AppSettings.swift */ = {isa = PBXFileReference; lastKnownFileType = sourcecode.swift; path = AppSettings.swift; sourceTree = "<group>"; };
		A4F4C0FDE33A99D2C474B5A4 /* Pods-SChat.debug.xcconfig */ = {isa = PBXFileReference; includeInIndex = 1; lastKnownFileType = text.xcconfig; name = "Pods-SChat.debug.xcconfig"; path = "Pods/Target Support Files/Pods-SChat/Pods-SChat.debug.xcconfig"; sourceTree = "<group>"; };
/* End PBXFileReference section */

/* Begin PBXFrameworksBuildPhase section */
		1B9C288C22A229D300E572F7 /* Frameworks */ = {
			isa = PBXFrameworksBuildPhase;
			buildActionMask = 2147483647;
			files = (
				5BEE66AF7409F49053260247 /* Pods_SChat.framework in Frameworks */,
			);
			runOnlyForDeploymentPostprocessing = 0;
		};
/* End PBXFrameworksBuildPhase section */

/* Begin PBXGroup section */
		1B9C288622A229D300E572F7 = {
			isa = PBXGroup;
			children = (
				1B9C289122A229D300E572F7 /* SChat */,
				1B9C289022A229D300E572F7 /* Products */,
				868CD3A4AEE21212ACFD3D78 /* Pods */,
				2E0A4048D40FAAB642A2CB6F /* Frameworks */,
			);
			sourceTree = "<group>";
		};
		1B9C289022A229D300E572F7 /* Products */ = {
			isa = PBXGroup;
			children = (
				1B9C288F22A229D300E572F7 /* SChat.app */,
			);
			name = Products;
			sourceTree = "<group>";
		};
		1B9C289122A229D300E572F7 /* SChat */ = {
			isa = PBXGroup;
			children = (
				6153D16C22AE5067008D293D /* Helper */,
				6153D16922AE3C64008D293D /* ViewController */,
				1B9C28A422A22A6A00E572F7 /* Model */,
				1B9C289222A229D300E572F7 /* AppDelegate.swift */,
				1B9C28A922A233FD00E572F7 /* SBubbleChatView.swift */,
				1B9C289422A229D300E572F7 /* ViewController.swift */,
				1B963F3B22A2CA0C0068A5BE /* MessageTableViewCell.swift */,
				1B9C289622A229D300E572F7 /* Main.storyboard */,
				1B9C289922A229D500E572F7 /* Assets.xcassets */,
				1B9C289B22A229D500E572F7 /* LaunchScreen.storyboard */,
				6153D15F22AE2881008D293D /* GoogleService-Info.plist */,
				1B9C289E22A229D500E572F7 /* Info.plist */,
			);
			path = SChat;
			sourceTree = "<group>";
		};
		1B9C28A422A22A6A00E572F7 /* Model */ = {
			isa = PBXGroup;
			children = (
				6153D16122AE2A5A008D293D /* SUser.swift */,
				1B9C28A722A22AAF00E572F7 /* SMessage.swift */,
				6153D16322AE2CD9008D293D /* Message.swift */,
				6153D16522AE321B008D293D /* Room.swift */,
			);
			path = Model;
			sourceTree = "<group>";
		};
		2E0A4048D40FAAB642A2CB6F /* Frameworks */ = {
			isa = PBXGroup;
			children = (
				536A9809CF766DB95767E381 /* Pods_SChat.framework */,
			);
			name = Frameworks;
			sourceTree = "<group>";
		};
		6153D16922AE3C64008D293D /* ViewController */ = {
			isa = PBXGroup;
			children = (
				6153D16722AE3C5F008D293D /* LoginViewController.swift */,
				6153D16A22AE42A9008D293D /* RoomChatViewController.swift */,
			);
			path = ViewController;
			sourceTree = "<group>";
		};
		6153D16C22AE5067008D293D /* Helper */ = {
			isa = PBXGroup;
			children = (
				6153D16D22AE5073008D293D /* AppSettings.swift */,
			);
			path = Helper;
			sourceTree = "<group>";
		};
		868CD3A4AEE21212ACFD3D78 /* Pods */ = {
			isa = PBXGroup;
			children = (
				A4F4C0FDE33A99D2C474B5A4 /* Pods-SChat.debug.xcconfig */,
				07378E59FD3D39FA72F30536 /* Pods-SChat.release.xcconfig */,
			);
			name = Pods;
			sourceTree = "<group>";
		};
/* End PBXGroup section */

/* Begin PBXNativeTarget section */
		1B9C288E22A229D300E572F7 /* SChat */ = {
			isa = PBXNativeTarget;
			buildConfigurationList = 1B9C28A122A229D500E572F7 /* Build configuration list for PBXNativeTarget "SChat" */;
			buildPhases = (
				67E0A93FD853134F3A1BD521 /* [CP] Check Pods Manifest.lock */,
				1B9C288B22A229D300E572F7 /* Sources */,
				1B9C288C22A229D300E572F7 /* Frameworks */,
				1B9C288D22A229D300E572F7 /* Resources */,
				A0A67BDA5B9B412728F21C00 /* [CP] Embed Pods Frameworks */,
				614D219417DB768DFC12C8E7 /* [CP] Copy Pods Resources */,
			);
			buildRules = (
			);
			dependencies = (
			);
			name = SChat;
			productName = SChat;
			productReference = 1B9C288F22A229D300E572F7 /* SChat.app */;
			productType = "com.apple.product-type.application";
		};
/* End PBXNativeTarget section */

/* Begin PBXProject section */
		1B9C288722A229D300E572F7 /* Project object */ = {
			isa = PBXProject;
			attributes = {
				LastSwiftUpdateCheck = 1010;
				LastUpgradeCheck = 1010;
				ORGANIZATIONNAME = "Can Khac Nguyen";
				TargetAttributes = {
					1B9C288E22A229D300E572F7 = {
						CreatedOnToolsVersion = 10.1;
					};
				};
			};
			buildConfigurationList = 1B9C288A22A229D300E572F7 /* Build configuration list for PBXProject "SChat" */;
			compatibilityVersion = "Xcode 9.3";
			developmentRegion = en;
			hasScannedForEncodings = 0;
			knownRegions = (
				en,
				Base,
			);
			mainGroup = 1B9C288622A229D300E572F7;
			productRefGroup = 1B9C289022A229D300E572F7 /* Products */;
			projectDirPath = "";
			projectRoot = "";
			targets = (
				1B9C288E22A229D300E572F7 /* SChat */,
			);
		};
/* End PBXProject section */

/* Begin PBXResourcesBuildPhase section */
		1B9C288D22A229D300E572F7 /* Resources */ = {
			isa = PBXResourcesBuildPhase;
			buildActionMask = 2147483647;
			files = (
				1B9C289D22A229D500E572F7 /* LaunchScreen.storyboard in Resources */,
				6153D16022AE2881008D293D /* GoogleService-Info.plist in Resources */,
				1B9C289A22A229D500E572F7 /* Assets.xcassets in Resources */,
				1B9C289822A229D300E572F7 /* Main.storyboard in Resources */,
			);
			runOnlyForDeploymentPostprocessing = 0;
		};
/* End PBXResourcesBuildPhase section */

/* Begin PBXShellScriptBuildPhase section */
		614D219417DB768DFC12C8E7 /* [CP] Copy Pods Resources */ = {
			isa = PBXShellScriptBuildPhase;
			buildActionMask = 2147483647;
			files = (
			);
			inputFileListPaths = (
			);
			inputPaths = (
				"${SRCROOT}/Pods/Target Support Files/Pods-SChat/Pods-SChat-resources.sh",
				"${PODS_CONFIGURATION_BUILD_DIR}/FirebaseFirestore/gRPCCertificates-Firestore.bundle",
			);
			name = "[CP] Copy Pods Resources";
			outputFileListPaths = (
			);
			outputPaths = (
				"${TARGET_BUILD_DIR}/${UNLOCALIZED_RESOURCES_FOLDER_PATH}/gRPCCertificates-Firestore.bundle",
			);
			runOnlyForDeploymentPostprocessing = 0;
			shellPath = /bin/sh;
			shellScript = "\"${SRCROOT}/Pods/Target Support Files/Pods-SChat/Pods-SChat-resources.sh\"\n";
			showEnvVarsInLog = 0;
		};
		67E0A93FD853134F3A1BD521 /* [CP] Check Pods Manifest.lock */ = {
			isa = PBXShellScriptBuildPhase;
			buildActionMask = 2147483647;
			files = (
			);
			inputPaths = (
				"${PODS_PODFILE_DIR_PATH}/Podfile.lock",
				"${PODS_ROOT}/Manifest.lock",
			);
			name = "[CP] Check Pods Manifest.lock";
			outputPaths = (
				"$(DERIVED_FILE_DIR)/Pods-SChat-checkManifestLockResult.txt",
			);
			runOnlyForDeploymentPostprocessing = 0;
			shellPath = /bin/sh;
			shellScript = "diff \"${PODS_PODFILE_DIR_PATH}/Podfile.lock\" \"${PODS_ROOT}/Manifest.lock\" > /dev/null\nif [ $? != 0 ] ; then\n    # print error to STDERR\n    echo \"error: The sandbox is not in sync with the Podfile.lock. Run 'pod install' or update your CocoaPods installation.\" >&2\n    exit 1\nfi\n# This output is used by Xcode 'outputs' to avoid re-running this script phase.\necho \"SUCCESS\" > \"${SCRIPT_OUTPUT_FILE_0}\"\n";
			showEnvVarsInLog = 0;
		};
		A0A67BDA5B9B412728F21C00 /* [CP] Embed Pods Frameworks */ = {
			isa = PBXShellScriptBuildPhase;
			buildActionMask = 2147483647;
			files = (
			);
			inputPaths = (
				"${SRCROOT}/Pods/Target Support Files/Pods-SChat/Pods-SChat-frameworks.sh",
				"${BUILT_PRODUCTS_DIR}/BoringSSL/openssl.framework",
				"${BUILT_PRODUCTS_DIR}/GTMSessionFetcher/GTMSessionFetcher.framework",
				"${BUILT_PRODUCTS_DIR}/GoogleUtilities/GoogleUtilities.framework",
				"${BUILT_PRODUCTS_DIR}/IQKeyboardManagerSwift/IQKeyboardManagerSwift.framework",
				"${BUILT_PRODUCTS_DIR}/MessageInputBar/MessageInputBar.framework",
				"${BUILT_PRODUCTS_DIR}/MessageKit/MessageKit.framework",
				"${BUILT_PRODUCTS_DIR}/Protobuf/Protobuf.framework",
				"${BUILT_PRODUCTS_DIR}/gRPC-C++/grpcpp.framework",
				"${BUILT_PRODUCTS_DIR}/gRPC-Core/grpc.framework",
				"${BUILT_PRODUCTS_DIR}/leveldb-library/leveldb.framework",
				"${BUILT_PRODUCTS_DIR}/nanopb/nanopb.framework",
			);
			name = "[CP] Embed Pods Frameworks";
			outputPaths = (
				"${TARGET_BUILD_DIR}/${FRAMEWORKS_FOLDER_PATH}/openssl.framework",
				"${TARGET_BUILD_DIR}/${FRAMEWORKS_FOLDER_PATH}/GTMSessionFetcher.framework",
				"${TARGET_BUILD_DIR}/${FRAMEWORKS_FOLDER_PATH}/GoogleUtilities.framework",
				"${TARGET_BUILD_DIR}/${FRAMEWORKS_FOLDER_PATH}/IQKeyboardManagerSwift.framework",
				"${TARGET_BUILD_DIR}/${FRAMEWORKS_FOLDER_PATH}/MessageInputBar.framework",
				"${TARGET_BUILD_DIR}/${FRAMEWORKS_FOLDER_PATH}/MessageKit.framework",
				"${TARGET_BUILD_DIR}/${FRAMEWORKS_FOLDER_PATH}/Protobuf.framework",
				"${TARGET_BUILD_DIR}/${FRAMEWORKS_FOLDER_PATH}/grpcpp.framework",
				"${TARGET_BUILD_DIR}/${FRAMEWORKS_FOLDER_PATH}/grpc.framework",
				"${TARGET_BUILD_DIR}/${FRAMEWORKS_FOLDER_PATH}/leveldb.framework",
				"${TARGET_BUILD_DIR}/${FRAMEWORKS_FOLDER_PATH}/nanopb.framework",
			);
			runOnlyForDeploymentPostprocessing = 0;
			shellPath = /bin/sh;
			shellScript = "\"${SRCROOT}/Pods/Target Support Files/Pods-SChat/Pods-SChat-frameworks.sh\"\n";
			showEnvVarsInLog = 0;
		};
/* End PBXShellScriptBuildPhase section */

/* Begin PBXSourcesBuildPhase section */
		1B9C288B22A229D300E572F7 /* Sources */ = {
			isa = PBXSourcesBuildPhase;
			buildActionMask = 2147483647;
			files = (
				6153D16822AE3C5F008D293D /* LoginViewController.swift in Sources */,
				1B9C28A822A22AAF00E572F7 /* SMessage.swift in Sources */,
				1B9C289522A229D300E572F7 /* ViewController.swift in Sources */,
				6153D16622AE321B008D293D /* Room.swift in Sources */,
				6153D16222AE2A5A008D293D /* SUser.swift in Sources */,
				1B9C28AA22A233FD00E572F7 /* SBubbleChatView.swift in Sources */,
				1B963F3C22A2CA0C0068A5BE /* MessageTableViewCell.swift in Sources */,
				6153D16E22AE5073008D293D /* AppSettings.swift in Sources */,
				1B9C289322A229D300E572F7 /* AppDelegate.swift in Sources */,
				6153D16422AE2CD9008D293D /* Message.swift in Sources */,
				6153D16B22AE42A9008D293D /* RoomChatViewController.swift in Sources */,
			);
			runOnlyForDeploymentPostprocessing = 0;
		};
/* End PBXSourcesBuildPhase section */

/* Begin PBXVariantGroup section */
		1B9C289622A229D300E572F7 /* Main.storyboard */ = {
			isa = PBXVariantGroup;
			children = (
				1B9C289722A229D300E572F7 /* Base */,
			);
			name = Main.storyboard;
			sourceTree = "<group>";
		};
		1B9C289B22A229D500E572F7 /* LaunchScreen.storyboard */ = {
			isa = PBXVariantGroup;
			children = (
				1B9C289C22A229D500E572F7 /* Base */,
			);
			name = LaunchScreen.storyboard;
			sourceTree = "<group>";
		};
/* End PBXVariantGroup section */

/* Begin XCBuildConfiguration section */
		1B9C289F22A229D500E572F7 /* Debug */ = {
			isa = XCBuildConfiguration;
			buildSettings = {
				ALWAYS_SEARCH_USER_PATHS = NO;
				CLANG_ANALYZER_NONNULL = YES;
				CLANG_ANALYZER_NUMBER_OBJECT_CONVERSION = YES_AGGRESSIVE;
				CLANG_CXX_LANGUAGE_STANDARD = "gnu++14";
				CLANG_CXX_LIBRARY = "libc++";
				CLANG_ENABLE_MODULES = YES;
				CLANG_ENABLE_OBJC_ARC = YES;
				CLANG_ENABLE_OBJC_WEAK = YES;
				CLANG_WARN_BLOCK_CAPTURE_AUTORELEASING = YES;
				CLANG_WARN_BOOL_CONVERSION = YES;
				CLANG_WARN_COMMA = YES;
				CLANG_WARN_CONSTANT_CONVERSION = YES;
				CLANG_WARN_DEPRECATED_OBJC_IMPLEMENTATIONS = YES;
				CLANG_WARN_DIRECT_OBJC_ISA_USAGE = YES_ERROR;
				CLANG_WARN_DOCUMENTATION_COMMENTS = YES;
				CLANG_WARN_EMPTY_BODY = YES;
				CLANG_WARN_ENUM_CONVERSION = YES;
				CLANG_WARN_INFINITE_RECURSION = YES;
				CLANG_WARN_INT_CONVERSION = YES;
				CLANG_WARN_NON_LITERAL_NULL_CONVERSION = YES;
				CLANG_WARN_OBJC_IMPLICIT_RETAIN_SELF = YES;
				CLANG_WARN_OBJC_LITERAL_CONVERSION = YES;
				CLANG_WARN_OBJC_ROOT_CLASS = YES_ERROR;
				CLANG_WARN_RANGE_LOOP_ANALYSIS = YES;
				CLANG_WARN_STRICT_PROTOTYPES = YES;
				CLANG_WARN_SUSPICIOUS_MOVE = YES;
				CLANG_WARN_UNGUARDED_AVAILABILITY = YES_AGGRESSIVE;
				CLANG_WARN_UNREACHABLE_CODE = YES;
				CLANG_WARN__DUPLICATE_METHOD_MATCH = YES;
				CODE_SIGN_IDENTITY = "iPhone Developer";
				COPY_PHASE_STRIP = NO;
				DEBUG_INFORMATION_FORMAT = dwarf;
				ENABLE_STRICT_OBJC_MSGSEND = YES;
				ENABLE_TESTABILITY = YES;
				GCC_C_LANGUAGE_STANDARD = gnu11;
				GCC_DYNAMIC_NO_PIC = NO;
				GCC_NO_COMMON_BLOCKS = YES;
				GCC_OPTIMIZATION_LEVEL = 0;
				GCC_PREPROCESSOR_DEFINITIONS = (
					"DEBUG=1",
					"$(inherited)",
				);
				GCC_WARN_64_TO_32_BIT_CONVERSION = YES;
				GCC_WARN_ABOUT_RETURN_TYPE = YES_ERROR;
				GCC_WARN_UNDECLARED_SELECTOR = YES;
				GCC_WARN_UNINITIALIZED_AUTOS = YES_AGGRESSIVE;
				GCC_WARN_UNUSED_FUNCTION = YES;
				GCC_WARN_UNUSED_VARIABLE = YES;
				IPHONEOS_DEPLOYMENT_TARGET = 12.1;
				MTL_ENABLE_DEBUG_INFO = INCLUDE_SOURCE;
				MTL_FAST_MATH = YES;
				ONLY_ACTIVE_ARCH = YES;
				SDKROOT = iphoneos;
				SWIFT_ACTIVE_COMPILATION_CONDITIONS = DEBUG;
				SWIFT_OPTIMIZATION_LEVEL = "-Onone";
			};
			name = Debug;
		};
		1B9C28A022A229D500E572F7 /* Release */ = {
			isa = XCBuildConfiguration;
			buildSettings = {
				ALWAYS_SEARCH_USER_PATHS = NO;
				CLANG_ANALYZER_NONNULL = YES;
				CLANG_ANALYZER_NUMBER_OBJECT_CONVERSION = YES_AGGRESSIVE;
				CLANG_CXX_LANGUAGE_STANDARD = "gnu++14";
				CLANG_CXX_LIBRARY = "libc++";
				CLANG_ENABLE_MODULES = YES;
				CLANG_ENABLE_OBJC_ARC = YES;
				CLANG_ENABLE_OBJC_WEAK = YES;
				CLANG_WARN_BLOCK_CAPTURE_AUTORELEASING = YES;
				CLANG_WARN_BOOL_CONVERSION = YES;
				CLANG_WARN_COMMA = YES;
				CLANG_WARN_CONSTANT_CONVERSION = YES;
				CLANG_WARN_DEPRECATED_OBJC_IMPLEMENTATIONS = YES;
				CLANG_WARN_DIRECT_OBJC_ISA_USAGE = YES_ERROR;
				CLANG_WARN_DOCUMENTATION_COMMENTS = YES;
				CLANG_WARN_EMPTY_BODY = YES;
				CLANG_WARN_ENUM_CONVERSION = YES;
				CLANG_WARN_INFINITE_RECURSION = YES;
				CLANG_WARN_INT_CONVERSION = YES;
				CLANG_WARN_NON_LITERAL_NULL_CONVERSION = YES;
				CLANG_WARN_OBJC_IMPLICIT_RETAIN_SELF = YES;
				CLANG_WARN_OBJC_LITERAL_CONVERSION = YES;
				CLANG_WARN_OBJC_ROOT_CLASS = YES_ERROR;
				CLANG_WARN_RANGE_LOOP_ANALYSIS = YES;
				CLANG_WARN_STRICT_PROTOTYPES = YES;
				CLANG_WARN_SUSPICIOUS_MOVE = YES;
				CLANG_WARN_UNGUARDED_AVAILABILITY = YES_AGGRESSIVE;
				CLANG_WARN_UNREACHABLE_CODE = YES;
				CLANG_WARN__DUPLICATE_METHOD_MATCH = YES;
				CODE_SIGN_IDENTITY = "iPhone Developer";
				COPY_PHASE_STRIP = NO;
				DEBUG_INFORMATION_FORMAT = "dwarf-with-dsym";
				ENABLE_NS_ASSERTIONS = NO;
				ENABLE_STRICT_OBJC_MSGSEND = YES;
				GCC_C_LANGUAGE_STANDARD = gnu11;
				GCC_NO_COMMON_BLOCKS = YES;
				GCC_WARN_64_TO_32_BIT_CONVERSION = YES;
				GCC_WARN_ABOUT_RETURN_TYPE = YES_ERROR;
				GCC_WARN_UNDECLARED_SELECTOR = YES;
				GCC_WARN_UNINITIALIZED_AUTOS = YES_AGGRESSIVE;
				GCC_WARN_UNUSED_FUNCTION = YES;
				GCC_WARN_UNUSED_VARIABLE = YES;
				IPHONEOS_DEPLOYMENT_TARGET = 12.1;
				MTL_ENABLE_DEBUG_INFO = NO;
				MTL_FAST_MATH = YES;
				SDKROOT = iphoneos;
				SWIFT_COMPILATION_MODE = wholemodule;
				SWIFT_OPTIMIZATION_LEVEL = "-O";
				VALIDATE_PRODUCT = YES;
			};
			name = Release;
		};
		1B9C28A222A229D500E572F7 /* Debug */ = {
			isa = XCBuildConfiguration;
			baseConfigurationReference = A4F4C0FDE33A99D2C474B5A4 /* Pods-SChat.debug.xcconfig */;
			buildSettings = {
				ASSETCATALOG_COMPILER_APPICON_NAME = AppIcon;
				CODE_SIGN_STYLE = Automatic;
				INFOPLIST_FILE = SChat/Info.plist;
				LD_RUNPATH_SEARCH_PATHS = (
					"$(inherited)",
					"@executable_path/Frameworks",
				);
				PRODUCT_BUNDLE_IDENTIFIER = shin.SChat;
				PRODUCT_NAME = "$(TARGET_NAME)";
				SWIFT_VERSION = 4.2;
				TARGETED_DEVICE_FAMILY = "1,2";
			};
			name = Debug;
		};
		1B9C28A322A229D500E572F7 /* Release */ = {
			isa = XCBuildConfiguration;
			baseConfigurationReference = 07378E59FD3D39FA72F30536 /* Pods-SChat.release.xcconfig */;
			buildSettings = {
				ASSETCATALOG_COMPILER_APPICON_NAME = AppIcon;
				CODE_SIGN_STYLE = Automatic;
				INFOPLIST_FILE = SChat/Info.plist;
				LD_RUNPATH_SEARCH_PATHS = (
					"$(inherited)",
					"@executable_path/Frameworks",
				);
				PRODUCT_BUNDLE_IDENTIFIER = shin.SChat;
				PRODUCT_NAME = "$(TARGET_NAME)";
				SWIFT_VERSION = 4.2;
				TARGETED_DEVICE_FAMILY = "1,2";
			};
			name = Release;
		};
/* End XCBuildConfiguration section */

/* Begin XCConfigurationList section */
		1B9C288A22A229D300E572F7 /* Build configuration list for PBXProject "SChat" */ = {
			isa = XCConfigurationList;
			buildConfigurations = (
				1B9C289F22A229D500E572F7 /* Debug */,
				1B9C28A022A229D500E572F7 /* Release */,
			);
			defaultConfigurationIsVisible = 0;
			defaultConfigurationName = Release;
		};
		1B9C28A122A229D500E572F7 /* Build configuration list for PBXNativeTarget "SChat" */ = {
			isa = XCConfigurationList;
			buildConfigurations = (
				1B9C28A222A229D500E572F7 /* Debug */,
				1B9C28A322A229D500E572F7 /* Release */,
			);
			defaultConfigurationIsVisible = 0;
			defaultConfigurationName = Release;
		};
/* End XCConfigurationList section */
	};
	rootObject = 1B9C288722A229D300E572F7 /* Project object */;
}
